
Microsoft Visual Studio Solution File, Format Version 12.00
# Visual Studio Version 17
VisualStudioVersion = 17.9.34714.143
MinimumVisualStudioVersion = 10.0.40219.1
Project("{FAE04EC0-301F-11D3-BF4B-00C04F79EFBC}") = "prac", "prac\prac.csproj", "{AAD46236-32AF-4FD5-B7F2-196E30A5C353}"
EndProject
Global
	GlobalSection(SolutionConfigurationPlatforms) = preSolution
		Debug|Any CPU = Debug|Any CPU
		Release|Any CPU = Release|Any CPU
	EndGlobalSection
	GlobalSection(ProjectConfigurationPlatforms) = postSolution
		{AAD46236-32AF-4FD5-B7F2-196E30A5C353}.Debug|Any CPU.ActiveCfg = Debug|Any CPU
		{AAD46236-32AF-4FD5-B7F2-196E30A5C353}.Debug|Any CPU.Build.0 = Debug|Any CPU
		{AAD46236-32AF-4FD5-B7F2-196E30A5C353}.Release|Any CPU.ActiveCfg = Release|Any CPU
		{AAD46236-32AF-4FD5-B7F2-196E30A5C353}.Release|Any CPU.Build.0 = Release|Any CPU
	EndGlobalSection
	GlobalSection(SolutionProperties) = preSolution
		HideSolutionNode = FALSE
	EndGlobalSection
	GlobalSection(ExtensibilityGlobals) = postSolution
		SolutionGuid = {6449C217-B3C5-4440-88EC-C27C9FB97BC1}
	EndGlobalSection
EndGlobal
