
Microsoft Visual Studio Solution File, Format Version 12.00
# Visual Studio Version 17
VisualStudioVersion = 17.9.34714.143
MinimumVisualStudioVersion = 10.0.40219.1
Project("{FAE04EC0-301F-11D3-BF4B-00C04F79EFBC}") = "oop", "oop\oop.csproj", "{41AD26D6-B1DA-4658-8847-8D3C0261B792}"
EndProject
Global
	GlobalSection(SolutionConfigurationPlatforms) = preSolution
		Debug|Any CPU = Debug|Any CPU
		Release|Any CPU = Release|Any CPU
	EndGlobalSection
	GlobalSection(ProjectConfigurationPlatforms) = postSolution
		{41AD26D6-B1DA-4658-8847-8D3C0261B792}.Debug|Any CPU.ActiveCfg = Debug|Any CPU
		{41AD26D6-B1DA-4658-8847-8D3C0261B792}.Debug|Any CPU.Build.0 = Debug|Any CPU
		{41AD26D6-B1DA-4658-8847-8D3C0261B792}.Release|Any CPU.ActiveCfg = Release|Any CPU
		{41AD26D6-B1DA-4658-8847-8D3C0261B792}.Release|Any CPU.Build.0 = Release|Any CPU
	EndGlobalSection
	GlobalSection(SolutionProperties) = preSolution
		HideSolutionNode = FALSE
	EndGlobalSection
	GlobalSection(ExtensibilityGlobals) = postSolution
		SolutionGuid = {F3C39CBE-28A2-4BA9-ACD0-D1A4E2CF3A02}
	EndGlobalSection
EndGlobal
